// !$*UTF8*$!
{
	archiveVersion = 1;
	classes = {
	};
	objectVersion = 56;
	objects = {

/* Begin PBXBuildFile section */
		FD80EE5329D4754400B76F0D /* GPWaitingRoomApp.swift in Sources */ = {isa = PBXBuildFile; fileRef = FD80EE5229D4754400B76F0D /* GPWaitingRoomApp.swift */; };
		FD80EE5529D4754400B76F0D /* ContentView.swift in Sources */ = {isa = PBXBuildFile; fileRef = FD80EE5429D4754400B76F0D /* ContentView.swift */; };
		FD80EE5729D4754500B76F0D /* Assets.xcassets in Resources */ = {isa = PBXBuildFile; fileRef = FD80EE5629D4754500B76F0D /* Assets.xcassets */; };
		FD80EE5A29D4754500B76F0D /* Preview Assets.xcassets in Resources */ = {isa = PBXBuildFile; fileRef = FD80EE5929D4754500B76F0D /* Preview Assets.xcassets */; };
		FD80EE6429D4754500B76F0D /* GPWaitingRoomTests.swift in Sources */ = {isa = PBXBuildFile; fileRef = FD80EE6329D4754500B76F0D /* GPWaitingRoomTests.swift */; };
		FD80EE6E29D4754500B76F0D /* GPWaitingRoomUITests.swift in Sources */ = {isa = PBXBuildFile; fileRef = FD80EE6D29D4754500B76F0D /* GPWaitingRoomUITests.swift */; };
		FD80EE7029D4754500B76F0D /* GPWaitingRoomUITestsLaunchTests.swift in Sources */ = {isa = PBXBuildFile; fileRef = FD80EE6F29D4754500B76F0D /* GPWaitingRoomUITestsLaunchTests.swift */; };
/* End PBXBuildFile section */

/* Begin PBXContainerItemProxy section */
		FD80EE6029D4754500B76F0D /* PBXContainerItemProxy */ = {
			isa = PBXContainerItemProxy;
			containerPortal = FD80EE4729D4754400B76F0D /* Project object */;
			proxyType = 1;
			remoteGlobalIDString = FD80EE4E29D4754400B76F0D;
			remoteInfo = GPWaitingRoom;
		};
		FD80EE6A29D4754500B76F0D /* PBXContainerItemProxy */ = {
			isa = PBXContainerItemProxy;
			containerPortal = FD80EE4729D4754400B76F0D /* Project object */;
			proxyType = 1;
			remoteGlobalIDString = FD80EE4E29D4754400B76F0D;
			remoteInfo = GPWaitingRoom;
		};
/* End PBXContainerItemProxy section */

/* Begin PBXFileReference section */
		FD80EE4F29D4754400B76F0D /* GPWaitingRoom.app */ = {isa = PBXFileReference; explicitFileType = wrapper.application; includeInIndex = 0; path = GPWaitingRoom.app; sourceTree = BUILT_PRODUCTS_DIR; };
		FD80EE5229D4754400B76F0D /* GPWaitingRoomApp.swift */ = {isa = PBXFileReference; lastKnownFileType = sourcecode.swift; path = GPWaitingRoomApp.swift; sourceTree = "<group>"; };
		FD80EE5429D4754400B76F0D /* ContentView.swift */ = {isa = PBXFileReference; lastKnownFileType = sourcecode.swift; path = ContentView.swift; sourceTree = "<group>"; };
		FD80EE5629D4754500B76F0D /* Assets.xcassets */ = {isa = PBXFileReference; lastKnownFileType = folder.assetcatalog; path = Assets.xcassets; sourceTree = "<group>"; };
		FD80EE5929D4754500B76F0D /* Preview Assets.xcassets */ = {isa = PBXFileReference; lastKnownFileType = folder.assetcatalog; path = "Preview Assets.xcassets"; sourceTree = "<group>"; };
		FD80EE5F29D4754500B76F0D /* GPWaitingRoomTests.xctest */ = {isa = PBXFileReference; explicitFileType = wrapper.cfbundle; includeInIndex = 0; path = GPWaitingRoomTests.xctest; sourceTree = BUILT_PRODUCTS_DIR; };
		FD80EE6329D4754500B76F0D /* GPWaitingRoomTests.swift */ = {isa = PBXFileReference; lastKnownFileType = sourcecode.swift; path = GPWaitingRoomTests.swift; sourceTree = "<group>"; };
		FD80EE6929D4754500B76F0D /* GPWaitingRoomUITests.xctest */ = {isa = PBXFileReference; explicitFileType = wrapper.cfbundle; includeInIndex = 0; path = GPWaitingRoomUITests.xctest; sourceTree = BUILT_PRODUCTS_DIR; };
		FD80EE6D29D4754500B76F0D /* GPWaitingRoomUITests.swift */ = {isa = PBXFileReference; lastKnownFileType = sourcecode.swift; path = GPWaitingRoomUITests.swift; sourceTree = "<group>"; };
		FD80EE6F29D4754500B76F0D /* GPWaitingRoomUITestsLaunchTests.swift */ = {isa = PBXFileReference; lastKnownFileType = sourcecode.swift; path = GPWaitingRoomUITestsLaunchTests.swift; sourceTree = "<group>"; };
/* End PBXFileReference section */

/* Begin PBXFrameworksBuildPhase section */
		FD80EE4C29D4754400B76F0D /* Frameworks */ = {
			isa = PBXFrameworksBuildPhase;
			buildActionMask = 2147483647;
			files = (
			);
			runOnlyForDeploymentPostprocessing = 0;
		};
		FD80EE5C29D4754500B76F0D /* Frameworks */ = {
			isa = PBXFrameworksBuildPhase;
			buildActionMask = 2147483647;
			files = (
			);
			runOnlyForDeploymentPostprocessing = 0;
		};
		FD80EE6629D4754500B76F0D /* Frameworks */ = {
			isa = PBXFrameworksBuildPhase;
			buildActionMask = 2147483647;
			files = (
			);
			runOnlyForDeploymentPostprocessing = 0;
		};
/* End PBXFrameworksBuildPhase section */

/* Begin PBXGroup section */
		FD80EE4629D4754400B76F0D = {
			isa = PBXGroup;
			children = (
				FD80EE5129D4754400B76F0D /* GPWaitingRoom */,
				FD80EE6229D4754500B76F0D /* GPWaitingRoomTests */,
				FD80EE6C29D4754500B76F0D /* GPWaitingRoomUITests */,
				FD80EE5029D4754400B76F0D /* Products */,
			);
			sourceTree = "<group>";
		};
		FD80EE5029D4754400B76F0D /* Products */ = {
			isa = PBXGroup;
			children = (
				FD80EE4F29D4754400B76F0D /* GPWaitingRoom.app */,
				FD80EE5F29D4754500B76F0D /* GPWaitingRoomTests.xctest */,
				FD80EE6929D4754500B76F0D /* GPWaitingRoomUITests.xctest */,
			);
			name = Products;
			sourceTree = "<group>";
		};
		FD80EE5129D4754400B76F0D /* GPWaitingRoom */ = {
			isa = PBXGroup;
			children = (
				FD80EE5229D4754400B76F0D /* GPWaitingRoomApp.swift */,
				FD80EE5429D4754400B76F0D /* ContentView.swift */,
				FD80EE5629D4754500B76F0D /* Assets.xcassets */,
				FD80EE5829D4754500B76F0D /* Preview Content */,
			);
			path = GPWaitingRoom;
			sourceTree = "<group>";
		};
		FD80EE5829D4754500B76F0D /* Preview Content */ = {
			isa = PBXGroup;
			children = (
				FD80EE5929D4754500B76F0D /* Preview Assets.xcassets */,
			);
			path = "Preview Content";
			sourceTree = "<group>";
		};
		FD80EE6229D4754500B76F0D /* GPWaitingRoomTests */ = {
			isa = PBXGroup;
			children = (
				FD80EE6329D4754500B76F0D /* GPWaitingRoomTests.swift */,
			);
			path = GPWaitingRoomTests;
			sourceTree = "<group>";
		};
		FD80EE6C29D4754500B76F0D /* GPWaitingRoomUITests */ = {
			isa = PBXGroup;
			children = (
				FD80EE6D29D4754500B76F0D /* GPWaitingRoomUITests.swift */,
				FD80EE6F29D4754500B76F0D /* GPWaitingRoomUITestsLaunchTests.swift */,
			);
			path = GPWaitingRoomUITests;
			sourceTree = "<group>";
		};
/* End PBXGroup section */

/* Begin PBXNativeTarget section */
		FD80EE4E29D4754400B76F0D /* GPWaitingRoom */ = {
			isa = PBXNativeTarget;
			buildConfigurationList = FD80EE7329D4754500B76F0D /* Build configuration list for PBXNativeTarget "GPWaitingRoom" */;
			buildPhases = (
				FD80EE4B29D4754400B76F0D /* Sources */,
				FD80EE4C29D4754400B76F0D /* Frameworks */,
				FD80EE4D29D4754400B76F0D /* Resources */,
			);
			buildRules = (
			);
			dependencies = (
			);
			name = GPWaitingRoom;
			productName = GPWaitingRoom;
			productReference = FD80EE4F29D4754400B76F0D /* GPWaitingRoom.app */;
			productType = "com.apple.product-type.application";
		};
		FD80EE5E29D4754500B76F0D /* GPWaitingRoomTests */ = {
			isa = PBXNativeTarget;
			buildConfigurationList = FD80EE7629D4754500B76F0D /* Build configuration list for PBXNativeTarget "GPWaitingRoomTests" */;
			buildPhases = (
				FD80EE5B29D4754500B76F0D /* Sources */,
				FD80EE5C29D4754500B76F0D /* Frameworks */,
				FD80EE5D29D4754500B76F0D /* Resources */,
			);
			buildRules = (
			);
			dependencies = (
				FD80EE6129D4754500B76F0D /* PBXTargetDependency */,
			);
			name = GPWaitingRoomTests;
			productName = GPWaitingRoomTests;
			productReference = FD80EE5F29D4754500B76F0D /* GPWaitingRoomTests.xctest */;
			productType = "com.apple.product-type.bundle.unit-test";
		};
		FD80EE6829D4754500B76F0D /* GPWaitingRoomUITests */ = {
			isa = PBXNativeTarget;
			buildConfigurationList = FD80EE7929D4754500B76F0D /* Build configuration list for PBXNativeTarget "GPWaitingRoomUITests" */;
			buildPhases = (
				FD80EE6529D4754500B76F0D /* Sources */,
				FD80EE6629D4754500B76F0D /* Frameworks */,
				FD80EE6729D4754500B76F0D /* Resources */,
			);
			buildRules = (
			);
			dependencies = (
				FD80EE6B29D4754500B76F0D /* PBXTargetDependency */,
			);
			name = GPWaitingRoomUITests;
			productName = GPWaitingRoomUITests;
			productReference = FD80EE6929D4754500B76F0D /* GPWaitingRoomUITests.xctest */;
			productType = "com.apple.product-type.bundle.ui-testing";
		};
/* End PBXNativeTarget section */

/* Begin PBXProject section */
		FD80EE4729D4754400B76F0D /* Project object */ = {
			isa = PBXProject;
			attributes = {
				BuildIndependentTargetsInParallel = 1;
				LastSwiftUpdateCheck = 1420;
				LastUpgradeCheck = 1420;
				TargetAttributes = {
					FD80EE4E29D4754400B76F0D = {
						CreatedOnToolsVersion = 14.2;
					};
					FD80EE5E29D4754500B76F0D = {
						CreatedOnToolsVersion = 14.2;
						TestTargetID = FD80EE4E29D4754400B76F0D;
					};
					FD80EE6829D4754500B76F0D = {
						CreatedOnToolsVersion = 14.2;
						TestTargetID = FD80EE4E29D4754400B76F0D;
					};
				};
			};
			buildConfigurationList = FD80EE4A29D4754400B76F0D /* Build configuration list for PBXProject "GPWaitingRoom" */;
			compatibilityVersion = "Xcode 14.0";
			developmentRegion = en;
			hasScannedForEncodings = 0;
			knownRegions = (
				en,
				Base,
			);
			mainGroup = FD80EE4629D4754400B76F0D;
			productRefGroup = FD80EE5029D4754400B76F0D /* Products */;
			projectDirPath = "";
			projectRoot = "";
			targets = (
				FD80EE4E29D4754400B76F0D /* GPWaitingRoom */,
				FD80EE5E29D4754500B76F0D /* GPWaitingRoomTests */,
				FD80EE6829D4754500B76F0D /* GPWaitingRoomUITests */,
			);
		};
/* End PBXProject section */

/* Begin PBXResourcesBuildPhase section */
		FD80EE4D29D4754400B76F0D /* Resources */ = {
			isa = PBXResourcesBuildPhase;
			buildActionMask = 2147483647;
			files = (
				FD80EE5A29D4754500B76F0D /* Preview Assets.xcassets in Resources */,
				FD80EE5729D4754500B76F0D /* Assets.xcassets in Resources */,
			);
			runOnlyForDeploymentPostprocessing = 0;
		};
		FD80EE5D29D4754500B76F0D /* Resources */ = {
			isa = PBXResourcesBuildPhase;
			buildActionMask = 2147483647;
			files = (
			);
			runOnlyForDeploymentPostprocessing = 0;
		};
		FD80EE6729D4754500B76F0D /* Resources */ = {
			isa = PBXResourcesBuildPhase;
			buildActionMask = 2147483647;
			files = (
			);
			runOnlyForDeploymentPostprocessing = 0;
		};
/* End PBXResourcesBuildPhase section */

/* Begin PBXSourcesBuildPhase section */
		FD80EE4B29D4754400B76F0D /* Sources */ = {
			isa = PBXSourcesBuildPhase;
			buildActionMask = 2147483647;
			files = (
				FD80EE5529D4754400B76F0D /* ContentView.swift in Sources */,
				FD80EE5329D4754400B76F0D /* GPWaitingRoomApp.swift in Sources */,
			);
			runOnlyForDeploymentPostprocessing = 0;
		};
		FD80EE5B29D4754500B76F0D /* Sources */ = {
			isa = PBXSourcesBuildPhase;
			buildActionMask = 2147483647;
			files = (
				FD80EE6429D4754500B76F0D /* GPWaitingRoomTests.swift in Sources */,
			);
			runOnlyForDeploymentPostprocessing = 0;
		};
		FD80EE6529D4754500B76F0D /* Sources */ = {
			isa = PBXSourcesBuildPhase;
			buildActionMask = 2147483647;
			files = (
				FD80EE7029D4754500B76F0D /* GPWaitingRoomUITestsLaunchTests.swift in Sources */,
				FD80EE6E29D4754500B76F0D /* GPWaitingRoomUITests.swift in Sources */,
			);
			runOnlyForDeploymentPostprocessing = 0;
		};
/* End PBXSourcesBuildPhase section */

/* Begin PBXTargetDependency section */
		FD80EE6129D4754500B76F0D /* PBXTargetDependency */ = {
			isa = PBXTargetDependency;
			target = FD80EE4E29D4754400B76F0D /* GPWaitingRoom */;
			targetProxy = FD80EE6029D4754500B76F0D /* PBXContainerItemProxy */;
		};
		FD80EE6B29D4754500B76F0D /* PBXTargetDependency */ = {
			isa = PBXTargetDependency;
			target = FD80EE4E29D4754400B76F0D /* GPWaitingRoom */;
			targetProxy = FD80EE6A29D4754500B76F0D /* PBXContainerItemProxy */;
		};
/* End PBXTargetDependency section */

/* Begin XCBuildConfiguration section */
		FD80EE7129D4754500B76F0D /* Debug */ = {
			isa = XCBuildConfiguration;
			buildSettings = {
				ALWAYS_SEARCH_USER_PATHS = NO;
				CLANG_ANALYZER_NONNULL = YES;
				CLANG_ANALYZER_NUMBER_OBJECT_CONVERSION = YES_AGGRESSIVE;
				CLANG_CXX_LANGUAGE_STANDARD = "gnu++20";
				CLANG_ENABLE_MODULES = YES;
				CLANG_ENABLE_OBJC_ARC = YES;
				CLANG_ENABLE_OBJC_WEAK = YES;
				CLANG_WARN_BLOCK_CAPTURE_AUTORELEASING = YES;
				CLANG_WARN_BOOL_CONVERSION = YES;
				CLANG_WARN_COMMA = YES;
				CLANG_WARN_CONSTANT_CONVERSION = YES;
				CLANG_WARN_DEPRECATED_OBJC_IMPLEMENTATIONS = YES;
				CLANG_WARN_DIRECT_OBJC_ISA_USAGE = YES_ERROR;
				CLANG_WARN_DOCUMENTATION_COMMENTS = YES;
				CLANG_WARN_EMPTY_BODY = YES;
				CLANG_WARN_ENUM_CONVERSION = YES;
				CLANG_WARN_INFINITE_RECURSION = YES;
				CLANG_WARN_INT_CONVERSION = YES;
				CLANG_WARN_NON_LITERAL_NULL_CONVERSION = YES;
				CLANG_WARN_OBJC_IMPLICIT_RETAIN_SELF = YES;
				CLANG_WARN_OBJC_LITERAL_CONVERSION = YES;
				CLANG_WARN_OBJC_ROOT_CLASS = YES_ERROR;
				CLANG_WARN_QUOTED_INCLUDE_IN_FRAMEWORK_HEADER = YES;
				CLANG_WARN_RANGE_LOOP_ANALYSIS = YES;
				CLANG_WARN_STRICT_PROTOTYPES = YES;
				CLANG_WARN_SUSPICIOUS_MOVE = YES;
				CLANG_WARN_UNGUARDED_AVAILABILITY = YES_AGGRESSIVE;
				CLANG_WARN_UNREACHABLE_CODE = YES;
				CLANG_WARN__DUPLICATE_METHOD_MATCH = YES;
				COPY_PHASE_STRIP = NO;
				DEBUG_INFORMATION_FORMAT = dwarf;
				ENABLE_STRICT_OBJC_MSGSEND = YES;
				ENABLE_TESTABILITY = YES;
				GCC_C_LANGUAGE_STANDARD = gnu11;
				GCC_DYNAMIC_NO_PIC = NO;
				GCC_NO_COMMON_BLOCKS = YES;
				GCC_OPTIMIZATION_LEVEL = 0;
				GCC_PREPROCESSOR_DEFINITIONS = (
					"DEBUG=1",
					"$(inherited)",
				);
				GCC_WARN_64_TO_32_BIT_CONVERSION = YES;
				GCC_WARN_ABOUT_RETURN_TYPE = YES_ERROR;
				GCC_WARN_UNDECLARED_SELECTOR = YES;
				GCC_WARN_UNINITIALIZED_AUTOS = YES_AGGRESSIVE;
				GCC_WARN_UNUSED_FUNCTION = YES;
				GCC_WARN_UNUSED_VARIABLE = YES;
				IPHONEOS_DEPLOYMENT_TARGET = 16.2;
				MTL_ENABLE_DEBUG_INFO = INCLUDE_SOURCE;
				MTL_FAST_MATH = YES;
				ONLY_ACTIVE_ARCH = YES;
				SDKROOT = iphoneos;
				SWIFT_ACTIVE_COMPILATION_CONDITIONS = DEBUG;
				SWIFT_OPTIMIZATION_LEVEL = "-Onone";
			};
			name = Debug;
		};
		FD80EE7229D4754500B76F0D /* Release */ = {
			isa = XCBuildConfiguration;
			buildSettings = {
				ALWAYS_SEARCH_USER_PATHS = NO;
				CLANG_ANALYZER_NONNULL = YES;
				CLANG_ANALYZER_NUMBER_OBJECT_CONVERSION = YES_AGGRESSIVE;
				CLANG_CXX_LANGUAGE_STANDARD = "gnu++20";
				CLANG_ENABLE_MODULES = YES;
				CLANG_ENABLE_OBJC_ARC = YES;
				CLANG_ENABLE_OBJC_WEAK = YES;
				CLANG_WARN_BLOCK_CAPTURE_AUTORELEASING = YES;
				CLANG_WARN_BOOL_CONVERSION = YES;
				CLANG_WARN_COMMA = YES;
				CLANG_WARN_CONSTANT_CONVERSION = YES;
				CLANG_WARN_DEPRECATED_OBJC_IMPLEMENTATIONS = YES;
				CLANG_WARN_DIRECT_OBJC_ISA_USAGE = YES_ERROR;
				CLANG_WARN_DOCUMENTATION_COMMENTS = YES;
				CLANG_WARN_EMPTY_BODY = YES;
				CLANG_WARN_ENUM_CONVERSION = YES;
				CLANG_WARN_INFINITE_RECURSION = YES;
				CLANG_WARN_INT_CONVERSION = YES;
				CLANG_WARN_NON_LITERAL_NULL_CONVERSION = YES;
				CLANG_WARN_OBJC_IMPLICIT_RETAIN_SELF = YES;
				CLANG_WARN_OBJC_LITERAL_CONVERSION = YES;
				CLANG_WARN_OBJC_ROOT_CLASS = YES_ERROR;
				CLANG_WARN_QUOTED_INCLUDE_IN_FRAMEWORK_HEADER = YES;
				CLANG_WARN_RANGE_LOOP_ANALYSIS = YES;
				CLANG_WARN_STRICT_PROTOTYPES = YES;
				CLANG_WARN_SUSPICIOUS_MOVE = YES;
				CLANG_WARN_UNGUARDED_AVAILABILITY = YES_AGGRESSIVE;
				CLANG_WARN_UNREACHABLE_CODE = YES;
				CLANG_WARN__DUPLICATE_METHOD_MATCH = YES;
				COPY_PHASE_STRIP = NO;
				DEBUG_INFORMATION_FORMAT = "dwarf-with-dsym";
				ENABLE_NS_ASSERTIONS = NO;
				ENABLE_STRICT_OBJC_MSGSEND = YES;
				GCC_C_LANGUAGE_STANDARD = gnu11;
				GCC_NO_COMMON_BLOCKS = YES;
				GCC_WARN_64_TO_32_BIT_CONVERSION = YES;
				GCC_WARN_ABOUT_RETURN_TYPE = YES_ERROR;
				GCC_WARN_UNDECLARED_SELECTOR = YES;
				GCC_WARN_UNINITIALIZED_AUTOS = YES_AGGRESSIVE;
				GCC_WARN_UNUSED_FUNCTION = YES;
				GCC_WARN_UNUSED_VARIABLE = YES;
				IPHONEOS_DEPLOYMENT_TARGET = 16.2;
				MTL_ENABLE_DEBUG_INFO = NO;
				MTL_FAST_MATH = YES;
				SDKROOT = iphoneos;
				SWIFT_COMPILATION_MODE = wholemodule;
				SWIFT_OPTIMIZATION_LEVEL = "-O";
				VALIDATE_PRODUCT = YES;
			};
			name = Release;
		};
		FD80EE7429D4754500B76F0D /* Debug */ = {
			isa = XCBuildConfiguration;
			buildSettings = {
				ASSETCATALOG_COMPILER_APPICON_NAME = AppIcon;
				ASSETCATALOG_COMPILER_GLOBAL_ACCENT_COLOR_NAME = AccentColor;
				CODE_SIGN_STYLE = Automatic;
				CURRENT_PROJECT_VERSION = 1;
				DEVELOPMENT_ASSET_PATHS = "\"GPWaitingRoom/Preview Content\"";
				DEVELOPMENT_TEAM = 6MURAC78AD;
				ENABLE_PREVIEWS = YES;
				GENERATE_INFOPLIST_FILE = YES;
				INFOPLIST_KEY_UIApplicationSceneManifest_Generation = YES;
				INFOPLIST_KEY_UIApplicationSupportsIndirectInputEvents = YES;
				INFOPLIST_KEY_UILaunchScreen_Generation = YES;
				INFOPLIST_KEY_UISupportedInterfaceOrientations_iPad = "UIInterfaceOrientationPortrait UIInterfaceOrientationPortraitUpsideDown UIInterfaceOrientationLandscapeLeft UIInterfaceOrientationLandscapeRight";
				INFOPLIST_KEY_UISupportedInterfaceOrientations_iPhone = "UIInterfaceOrientationPortrait UIInterfaceOrientationLandscapeLeft UIInterfaceOrientationLandscapeRight";
				LD_RUNPATH_SEARCH_PATHS = (
					"$(inherited)",
					"@executable_path/Frameworks",
				);
				MARKETING_VERSION = 1.0;
				PRODUCT_BUNDLE_IDENTIFIER = Nom4D.GPWaitingRoom;
				PRODUCT_NAME = "$(TARGET_NAME)";
				SWIFT_EMIT_LOC_STRINGS = YES;
				SWIFT_VERSION = 5.0;
				TARGETED_DEVICE_FAMILY = "1,2";
			};
			name = Debug;
		};
		FD80EE7529D4754500B76F0D /* Release */ = {
			isa = XCBuildConfiguration;
			buildSettings = {
				ASSETCATALOG_COMPILER_APPICON_NAME = AppIcon;
				ASSETCATALOG_COMPILER_GLOBAL_ACCENT_COLOR_NAME = AccentColor;
				CODE_SIGN_STYLE = Automatic;
				CURRENT_PROJECT_VERSION = 1;
				DEVELOPMENT_ASSET_PATHS = "\"GPWaitingRoom/Preview Content\"";
				DEVELOPMENT_TEAM = 6MURAC78AD;
				ENABLE_PREVIEWS = YES;
				GENERATE_INFOPLIST_FILE = YES;
				INFOPLIST_KEY_UIApplicationSceneManifest_Generation = YES;
				INFOPLIST_KEY_UIApplicationSupportsIndirectInputEvents = YES;
				INFOPLIST_KEY_UILaunchScreen_Generation = YES;
				INFOPLIST_KEY_UISupportedInterfaceOrientations_iPad = "UIInterfaceOrientationPortrait UIInterfaceOrientationPortraitUpsideDown UIInterfaceOrientationLandscapeLeft UIInterfaceOrientationLandscapeRight";
				INFOPLIST_KEY_UISupportedInterfaceOrientations_iPhone = "UIInterfaceOrientationPortrait UIInterfaceOrientationLandscapeLeft UIInterfaceOrientationLandscapeRight";
				LD_RUNPATH_SEARCH_PATHS = (
					"$(inherited)",
					"@executable_path/Frameworks",
				);
				MARKETING_VERSION = 1.0;
				PRODUCT_BUNDLE_IDENTIFIER = Nom4D.GPWaitingRoom;
				PRODUCT_NAME = "$(TARGET_NAME)";
				SWIFT_EMIT_LOC_STRINGS = YES;
				SWIFT_VERSION = 5.0;
				TARGETED_DEVICE_FAMILY = "1,2";
			};
			name = Release;
		};
		FD80EE7729D4754500B76F0D /* Debug */ = {
			isa = XCBuildConfiguration;
			buildSettings = {
				ALWAYS_EMBED_SWIFT_STANDARD_LIBRARIES = YES;
				BUNDLE_LOADER = "$(TEST_HOST)";
				CODE_SIGN_STYLE = Automatic;
				CURRENT_PROJECT_VERSION = 1;
				DEVELOPMENT_TEAM = 6MURAC78AD;
				GENERATE_INFOPLIST_FILE = YES;
				IPHONEOS_DEPLOYMENT_TARGET = 16.2;
				MARKETING_VERSION = 1.0;
				PRODUCT_BUNDLE_IDENTIFIER = Nom4D.GPWaitingRoomTests;
				PRODUCT_NAME = "$(TARGET_NAME)";
				SWIFT_EMIT_LOC_STRINGS = NO;
				SWIFT_VERSION = 5.0;
				TARGETED_DEVICE_FAMILY = "1,2";
				TEST_HOST = "$(BUILT_PRODUCTS_DIR)/GPWaitingRoom.app/$(BUNDLE_EXECUTABLE_FOLDER_PATH)/GPWaitingRoom";
			};
			name = Debug;
		};
		FD80EE7829D4754500B76F0D /* Release */ = {
			isa = XCBuildConfiguration;
			buildSettings = {
				ALWAYS_EMBED_SWIFT_STANDARD_LIBRARIES = YES;
				BUNDLE_LOADER = "$(TEST_HOST)";
				CODE_SIGN_STYLE = Automatic;
				CURRENT_PROJECT_VERSION = 1;
				DEVELOPMENT_TEAM = 6MURAC78AD;
				GENERATE_INFOPLIST_FILE = YES;
				IPHONEOS_DEPLOYMENT_TARGET = 16.2;
				MARKETING_VERSION = 1.0;
				PRODUCT_BUNDLE_IDENTIFIER = Nom4D.GPWaitingRoomTests;
				PRODUCT_NAME = "$(TARGET_NAME)";
				SWIFT_EMIT_LOC_STRINGS = NO;
				SWIFT_VERSION = 5.0;
				TARGETED_DEVICE_FAMILY = "1,2";
				TEST_HOST = "$(BUILT_PRODUCTS_DIR)/GPWaitingRoom.app/$(BUNDLE_EXECUTABLE_FOLDER_PATH)/GPWaitingRoom";
			};
			name = Release;
		};
		FD80EE7A29D4754500B76F0D /* Debug */ = {
			isa = XCBuildConfiguration;
			buildSettings = {
				ALWAYS_EMBED_SWIFT_STANDARD_LIBRARIES = YES;
				CODE_SIGN_STYLE = Automatic;
				CURRENT_PROJECT_VERSION = 1;
				DEVELOPMENT_TEAM = 6MURAC78AD;
				GENERATE_INFOPLIST_FILE = YES;
				MARKETING_VERSION = 1.0;
				PRODUCT_BUNDLE_IDENTIFIER = Nom4D.GPWaitingRoomUITests;
				PRODUCT_NAME = "$(TARGET_NAME)";
				SWIFT_EMIT_LOC_STRINGS = NO;
				SWIFT_VERSION = 5.0;
				TARGETED_DEVICE_FAMILY = "1,2";
				TEST_TARGET_NAME = GPWaitingRoom;
			};
			name = Debug;
		};
		FD80EE7B29D4754500B76F0D /* Release */ = {
			isa = XCBuildConfiguration;
			buildSettings = {
				ALWAYS_EMBED_SWIFT_STANDARD_LIBRARIES = YES;
				CODE_SIGN_STYLE = Automatic;
				CURRENT_PROJECT_VERSION = 1;
				DEVELOPMENT_TEAM = 6MURAC78AD;
				GENERATE_INFOPLIST_FILE = YES;
				MARKETING_VERSION = 1.0;
				PRODUCT_BUNDLE_IDENTIFIER = Nom4D.GPWaitingRoomUITests;
				PRODUCT_NAME = "$(TARGET_NAME)";
				SWIFT_EMIT_LOC_STRINGS = NO;
				SWIFT_VERSION = 5.0;
				TARGETED_DEVICE_FAMILY = "1,2";
				TEST_TARGET_NAME = GPWaitingRoom;
			};
			name = Release;
		};
/* End XCBuildConfiguration section */

/* Begin XCConfigurationList section */
		FD80EE4A29D4754400B76F0D /* Build configuration list for PBXProject "GPWaitingRoom" */ = {
			isa = XCConfigurationList;
			buildConfigurations = (
				FD80EE7129D4754500B76F0D /* Debug */,
				FD80EE7229D4754500B76F0D /* Release */,
			);
			defaultConfigurationIsVisible = 0;
			defaultConfigurationName = Release;
		};
		FD80EE7329D4754500B76F0D /* Build configuration list for PBXNativeTarget "GPWaitingRoom" */ = {
			isa = XCConfigurationList;
			buildConfigurations = (
				FD80EE7429D4754500B76F0D /* Debug */,
				FD80EE7529D4754500B76F0D /* Release */,
			);
			defaultConfigurationIsVisible = 0;
			defaultConfigurationName = Release;
		};
		FD80EE7629D4754500B76F0D /* Build configuration list for PBXNativeTarget "GPWaitingRoomTests" */ = {
			isa = XCConfigurationList;
			buildConfigurations = (
				FD80EE7729D4754500B76F0D /* Debug */,
				FD80EE7829D4754500B76F0D /* Release */,
			);
			defaultConfigurationIsVisible = 0;
			defaultConfigurationName = Release;
		};
		FD80EE7929D4754500B76F0D /* Build configuration list for PBXNativeTarget "GPWaitingRoomUITests" */ = {
			isa = XCConfigurationList;
			buildConfigurations = (
				FD80EE7A29D4754500B76F0D /* Debug */,
				FD80EE7B29D4754500B76F0D /* Release */,
			);
			defaultConfigurationIsVisible = 0;
			defaultConfigurationName = Release;
		};
/* End XCConfigurationList section */
	};
	rootObject = FD80EE4729D4754400B76F0D /* Project object */;
}
