// !$*UTF8*$!
{
	archiveVersion = 1;
	classes = {
	};
	objectVersion = 56;
	objects = {

/* Begin PBXBuildFile section */
		FD02BB1529C86592005A9F52 /* AddressGeocodingApp.swift in Sources */ = {isa = PBXBuildFile; fileRef = FD02BB1429C86592005A9F52 /* AddressGeocodingApp.swift */; };
		FD02BB1729C86592005A9F52 /* ContentView.swift in Sources */ = {isa = PBXBuildFile; fileRef = FD02BB1629C86592005A9F52 /* ContentView.swift */; };
		FD02BB1929C86594005A9F52 /* Assets.xcassets in Resources */ = {isa = PBXBuildFile; fileRef = FD02BB1829C86594005A9F52 /* Assets.xcassets */; };
		FD02BB1C29C86594005A9F52 /* Preview Assets.xcassets in Resources */ = {isa = PBXBuildFile; fileRef = FD02BB1B29C86594005A9F52 /* Preview Assets.xcassets */; };
		FD02BB2329C868CA005A9F52 /* MapViewer.swift in Sources */ = {isa = PBXBuildFile; fileRef = FD02BB2229C868CA005A9F52 /* MapViewer.swift */; };
		FD02BB2729C89B28005A9F52 /* GeocoderHandler.swift in Sources */ = {isa = PBXBuildFile; fileRef = FD02BB2629C89B28005A9F52 /* GeocoderHandler.swift */; };
		FD02BB2B29C8A294005A9F52 /* BottomDrawer.swift in Sources */ = {isa = PBXBuildFile; fileRef = FD02BB2A29C8A294005A9F52 /* BottomDrawer.swift */; };
		FD02BB2F29C8EB7E005A9F52 /* SearchBar.swift in Sources */ = {isa = PBXBuildFile; fileRef = FD02BB2E29C8EB7E005A9F52 /* SearchBar.swift */; };
		FD323D6A29D1DF9D00A0AB2D /* LocationManager.swift in Sources */ = {isa = PBXBuildFile; fileRef = FD323D6929D1DF9D00A0AB2D /* LocationManager.swift */; };
		FD323D7029D2605400A0AB2D /* LocationList.swift in Sources */ = {isa = PBXBuildFile; fileRef = FD323D6F29D2605400A0AB2D /* LocationList.swift */; };
		FD323D7229D262BF00A0AB2D /* ElementDetails.swift in Sources */ = {isa = PBXBuildFile; fileRef = FD323D7129D262BF00A0AB2D /* ElementDetails.swift */; };
		FD80EE4129D265B000B76F0D /* Location.swift in Sources */ = {isa = PBXBuildFile; fileRef = FD80EE4029D265B000B76F0D /* Location.swift */; };
		FD80EE4329D265D300B76F0D /* LocationCoordinatesExtension.swift in Sources */ = {isa = PBXBuildFile; fileRef = FD80EE4229D265D300B76F0D /* LocationCoordinatesExtension.swift */; };
		FD80EE4529D272AB00B76F0D /* Assets.xcassets in Resources */ = {isa = PBXBuildFile; fileRef = FD80EE4429D272AB00B76F0D /* Assets.xcassets */; };
		FD80EE8329D4785B00B76F0D /* AddressGeocodingUITests.swift in Sources */ = {isa = PBXBuildFile; fileRef = FD80EE8229D4785B00B76F0D /* AddressGeocodingUITests.swift */; };
		FD80EE8529D4785B00B76F0D /* AddressGeocodingUITestsLaunchTests.swift in Sources */ = {isa = PBXBuildFile; fileRef = FD80EE8429D4785B00B76F0D /* AddressGeocodingUITestsLaunchTests.swift */; };
/* End PBXBuildFile section */

/* Begin PBXContainerItemProxy section */
		FD80EE8629D4785B00B76F0D /* PBXContainerItemProxy */ = {
			isa = PBXContainerItemProxy;
			containerPortal = FD02BB0929C86592005A9F52 /* Project object */;
			proxyType = 1;
			remoteGlobalIDString = FD02BB1029C86592005A9F52;
			remoteInfo = AddressGeocoding;
		};
/* End PBXContainerItemProxy section */

/* Begin PBXFileReference section */
		FD02BB1129C86592005A9F52 /* Address Geocoding.app */ = {isa = PBXFileReference; explicitFileType = wrapper.application; includeInIndex = 0; path = "Address Geocoding.app"; sourceTree = BUILT_PRODUCTS_DIR; };
		FD02BB1429C86592005A9F52 /* AddressGeocodingApp.swift */ = {isa = PBXFileReference; lastKnownFileType = sourcecode.swift; path = AddressGeocodingApp.swift; sourceTree = "<group>"; };
		FD02BB1629C86592005A9F52 /* ContentView.swift */ = {isa = PBXFileReference; lastKnownFileType = sourcecode.swift; path = ContentView.swift; sourceTree = "<group>"; };
		FD02BB1829C86594005A9F52 /* Assets.xcassets */ = {isa = PBXFileReference; lastKnownFileType = folder.assetcatalog; path = Assets.xcassets; sourceTree = "<group>"; };
		FD02BB1B29C86594005A9F52 /* Preview Assets.xcassets */ = {isa = PBXFileReference; lastKnownFileType = folder.assetcatalog; path = "Preview Assets.xcassets"; sourceTree = "<group>"; };
		FD02BB2229C868CA005A9F52 /* MapViewer.swift */ = {isa = PBXFileReference; lastKnownFileType = sourcecode.swift; path = MapViewer.swift; sourceTree = "<group>"; };
		FD02BB2629C89B28005A9F52 /* GeocoderHandler.swift */ = {isa = PBXFileReference; lastKnownFileType = sourcecode.swift; path = GeocoderHandler.swift; sourceTree = "<group>"; };
		FD02BB2A29C8A294005A9F52 /* BottomDrawer.swift */ = {isa = PBXFileReference; lastKnownFileType = sourcecode.swift; path = BottomDrawer.swift; sourceTree = "<group>"; };
		FD02BB2E29C8EB7E005A9F52 /* SearchBar.swift */ = {isa = PBXFileReference; lastKnownFileType = sourcecode.swift; path = SearchBar.swift; sourceTree = "<group>"; };
		FD323D6929D1DF9D00A0AB2D /* LocationManager.swift */ = {isa = PBXFileReference; lastKnownFileType = sourcecode.swift; path = LocationManager.swift; sourceTree = "<group>"; };
		FD323D6B29D2041C00A0AB2D /* Info.plist */ = {isa = PBXFileReference; lastKnownFileType = text.plist; path = Info.plist; sourceTree = "<group>"; };
		FD323D6F29D2605400A0AB2D /* LocationList.swift */ = {isa = PBXFileReference; lastKnownFileType = sourcecode.swift; path = LocationList.swift; sourceTree = "<group>"; };
		FD323D7129D262BF00A0AB2D /* ElementDetails.swift */ = {isa = PBXFileReference; lastKnownFileType = sourcecode.swift; path = ElementDetails.swift; sourceTree = "<group>"; };
		FD80EE4029D265B000B76F0D /* Location.swift */ = {isa = PBXFileReference; lastKnownFileType = sourcecode.swift; path = Location.swift; sourceTree = "<group>"; };
		FD80EE4229D265D300B76F0D /* LocationCoordinatesExtension.swift */ = {isa = PBXFileReference; lastKnownFileType = sourcecode.swift; path = LocationCoordinatesExtension.swift; sourceTree = "<group>"; };
		FD80EE4429D272AB00B76F0D /* Assets.xcassets */ = {isa = PBXFileReference; lastKnownFileType = folder.assetcatalog; name = Assets.xcassets; path = ../../../../Downloads/AppIcons/Assets.xcassets; sourceTree = "<group>"; };
		FD80EE8029D4785B00B76F0D /* AddressGeocodingUITests.xctest */ = {isa = PBXFileReference; explicitFileType = wrapper.cfbundle; includeInIndex = 0; path = AddressGeocodingUITests.xctest; sourceTree = BUILT_PRODUCTS_DIR; };
		FD80EE8229D4785B00B76F0D /* AddressGeocodingUITests.swift */ = {isa = PBXFileReference; lastKnownFileType = sourcecode.swift; path = AddressGeocodingUITests.swift; sourceTree = "<group>"; };
		FD80EE8429D4785B00B76F0D /* AddressGeocodingUITestsLaunchTests.swift */ = {isa = PBXFileReference; lastKnownFileType = sourcecode.swift; path = AddressGeocodingUITestsLaunchTests.swift; sourceTree = "<group>"; };
/* End PBXFileReference section */

/* Begin PBXFrameworksBuildPhase section */
		FD02BB0E29C86592005A9F52 /* Frameworks */ = {
			isa = PBXFrameworksBuildPhase;
			buildActionMask = 2147483647;
			files = (
			);
			runOnlyForDeploymentPostprocessing = 0;
		};
		FD80EE7D29D4785B00B76F0D /* Frameworks */ = {
			isa = PBXFrameworksBuildPhase;
			buildActionMask = 2147483647;
			files = (
			);
			runOnlyForDeploymentPostprocessing = 0;
		};
/* End PBXFrameworksBuildPhase section */

/* Begin PBXGroup section */
		FD02BB0829C86592005A9F52 = {
			isa = PBXGroup;
			children = (
				FD02BB1329C86592005A9F52 /* AddressGeocoding */,
				FD80EE8129D4785B00B76F0D /* AddressGeocodingUITests */,
				FD02BB1229C86592005A9F52 /* Products */,
			);
			sourceTree = "<group>";
			usesTabs = 0;
		};
		FD02BB1229C86592005A9F52 /* Products */ = {
			isa = PBXGroup;
			children = (
				FD02BB1129C86592005A9F52 /* Address Geocoding.app */,
				FD80EE8029D4785B00B76F0D /* AddressGeocodingUITests.xctest */,
			);
			name = Products;
			sourceTree = "<group>";
		};
		FD02BB1329C86592005A9F52 /* AddressGeocoding */ = {
			isa = PBXGroup;
			children = (
				FD323D6B29D2041C00A0AB2D /* Info.plist */,
				FD323D6E29D2563B00A0AB2D /* Components */,
				FD323D6629D1DF6500A0AB2D /* LocationManager */,
				FD02BB1429C86592005A9F52 /* AddressGeocodingApp.swift */,
				FD02BB1629C86592005A9F52 /* ContentView.swift */,
				FD02BB1829C86594005A9F52 /* Assets.xcassets */,
				FD02BB1A29C86594005A9F52 /* Preview Content */,
			);
			path = AddressGeocoding;
			sourceTree = "<group>";
		};
		FD02BB1A29C86594005A9F52 /* Preview Content */ = {
			isa = PBXGroup;
			children = (
				FD80EE4429D272AB00B76F0D /* Assets.xcassets */,
				FD02BB1B29C86594005A9F52 /* Preview Assets.xcassets */,
			);
			path = "Preview Content";
			sourceTree = "<group>";
		};
		FD323D6629D1DF6500A0AB2D /* LocationManager */ = {
			isa = PBXGroup;
			children = (
				FD02BB2629C89B28005A9F52 /* GeocoderHandler.swift */,
				FD323D6929D1DF9D00A0AB2D /* LocationManager.swift */,
				FD80EE4229D265D300B76F0D /* LocationCoordinatesExtension.swift */,
				FD80EE4029D265B000B76F0D /* Location.swift */,
			);
			path = LocationManager;
			sourceTree = "<group>";
		};
		FD323D6E29D2563B00A0AB2D /* Components */ = {
			isa = PBXGroup;
			children = (
				FD02BB2A29C8A294005A9F52 /* BottomDrawer.swift */,
				FD323D7129D262BF00A0AB2D /* ElementDetails.swift */,
				FD323D6F29D2605400A0AB2D /* LocationList.swift */,
				FD02BB2229C868CA005A9F52 /* MapViewer.swift */,
				FD02BB2E29C8EB7E005A9F52 /* SearchBar.swift */,
			);
			path = Components;
			sourceTree = "<group>";
		};
		FD80EE8129D4785B00B76F0D /* AddressGeocodingUITests */ = {
			isa = PBXGroup;
			children = (
				FD80EE8229D4785B00B76F0D /* AddressGeocodingUITests.swift */,
				FD80EE8429D4785B00B76F0D /* AddressGeocodingUITestsLaunchTests.swift */,
			);
			path = AddressGeocodingUITests;
			sourceTree = "<group>";
		};
/* End PBXGroup section */

/* Begin PBXNativeTarget section */
		FD02BB1029C86592005A9F52 /* AddressGeocoding */ = {
			isa = PBXNativeTarget;
			buildConfigurationList = FD02BB1F29C86594005A9F52 /* Build configuration list for PBXNativeTarget "AddressGeocoding" */;
			buildPhases = (
				FD02BB0D29C86592005A9F52 /* Sources */,
				FD02BB0E29C86592005A9F52 /* Frameworks */,
				FD02BB0F29C86592005A9F52 /* Resources */,
			);
			buildRules = (
			);
			dependencies = (
			);
			name = AddressGeocoding;
			productName = AddressGeocoding;
			productReference = FD02BB1129C86592005A9F52 /* Address Geocoding.app */;
			productType = "com.apple.product-type.application";
		};
		FD80EE7F29D4785B00B76F0D /* AddressGeocodingUITests */ = {
			isa = PBXNativeTarget;
			buildConfigurationList = FD80EE8829D4785B00B76F0D /* Build configuration list for PBXNativeTarget "AddressGeocodingUITests" */;
			buildPhases = (
				FD80EE7C29D4785B00B76F0D /* Sources */,
				FD80EE7D29D4785B00B76F0D /* Frameworks */,
				FD80EE7E29D4785B00B76F0D /* Resources */,
			);
			buildRules = (
			);
			dependencies = (
				FD80EE8729D4785B00B76F0D /* PBXTargetDependency */,
			);
			name = AddressGeocodingUITests;
			productName = AddressGeocodingUITests;
			productReference = FD80EE8029D4785B00B76F0D /* AddressGeocodingUITests.xctest */;
			productType = "com.apple.product-type.bundle.ui-testing";
		};
/* End PBXNativeTarget section */

/* Begin PBXProject section */
		FD02BB0929C86592005A9F52 /* Project object */ = {
			isa = PBXProject;
			attributes = {
				BuildIndependentTargetsInParallel = 1;
				LastSwiftUpdateCheck = 1420;
				LastUpgradeCheck = 1420;
				TargetAttributes = {
					FD02BB1029C86592005A9F52 = {
						CreatedOnToolsVersion = 14.2;
					};
					FD80EE7F29D4785B00B76F0D = {
						CreatedOnToolsVersion = 14.2;
						TestTargetID = FD02BB1029C86592005A9F52;
					};
				};
			};
			buildConfigurationList = FD02BB0C29C86592005A9F52 /* Build configuration list for PBXProject "AddressGeocoding" */;
			compatibilityVersion = "Xcode 14.0";
			developmentRegion = en;
			hasScannedForEncodings = 0;
			knownRegions = (
				en,
				Base,
			);
			mainGroup = FD02BB0829C86592005A9F52;
			productRefGroup = FD02BB1229C86592005A9F52 /* Products */;
			projectDirPath = "";
			projectRoot = "";
			targets = (
				FD02BB1029C86592005A9F52 /* AddressGeocoding */,
				FD80EE7F29D4785B00B76F0D /* AddressGeocodingUITests */,
			);
		};
/* End PBXProject section */

/* Begin PBXResourcesBuildPhase section */
		FD02BB0F29C86592005A9F52 /* Resources */ = {
			isa = PBXResourcesBuildPhase;
			buildActionMask = 2147483647;
			files = (
				FD02BB1C29C86594005A9F52 /* Preview Assets.xcassets in Resources */,
				FD80EE4529D272AB00B76F0D /* Assets.xcassets in Resources */,
				FD02BB1929C86594005A9F52 /* Assets.xcassets in Resources */,
			);
			runOnlyForDeploymentPostprocessing = 0;
		};
		FD80EE7E29D4785B00B76F0D /* Resources */ = {
			isa = PBXResourcesBuildPhase;
			buildActionMask = 2147483647;
			files = (
			);
			runOnlyForDeploymentPostprocessing = 0;
		};
/* End PBXResourcesBuildPhase section */

/* Begin PBXSourcesBuildPhase section */
		FD02BB0D29C86592005A9F52 /* Sources */ = {
			isa = PBXSourcesBuildPhase;
			buildActionMask = 2147483647;
			files = (
				FD80EE4329D265D300B76F0D /* LocationCoordinatesExtension.swift in Sources */,
				FD02BB2729C89B28005A9F52 /* GeocoderHandler.swift in Sources */,
				FD80EE4129D265B000B76F0D /* Location.swift in Sources */,
				FD323D7229D262BF00A0AB2D /* ElementDetails.swift in Sources */,
				FD02BB2329C868CA005A9F52 /* MapViewer.swift in Sources */,
				FD02BB1729C86592005A9F52 /* ContentView.swift in Sources */,
				FD02BB1529C86592005A9F52 /* AddressGeocodingApp.swift in Sources */,
				FD323D7029D2605400A0AB2D /* LocationList.swift in Sources */,
				FD323D6A29D1DF9D00A0AB2D /* LocationManager.swift in Sources */,
				FD02BB2F29C8EB7E005A9F52 /* SearchBar.swift in Sources */,
				FD02BB2B29C8A294005A9F52 /* BottomDrawer.swift in Sources */,
			);
			runOnlyForDeploymentPostprocessing = 0;
		};
		FD80EE7C29D4785B00B76F0D /* Sources */ = {
			isa = PBXSourcesBuildPhase;
			buildActionMask = 2147483647;
			files = (
				FD80EE8329D4785B00B76F0D /* AddressGeocodingUITests.swift in Sources */,
				FD80EE8529D4785B00B76F0D /* AddressGeocodingUITestsLaunchTests.swift in Sources */,
			);
			runOnlyForDeploymentPostprocessing = 0;
		};
/* End PBXSourcesBuildPhase section */

/* Begin PBXTargetDependency section */
		FD80EE8729D4785B00B76F0D /* PBXTargetDependency */ = {
			isa = PBXTargetDependency;
			target = FD02BB1029C86592005A9F52 /* AddressGeocoding */;
			targetProxy = FD80EE8629D4785B00B76F0D /* PBXContainerItemProxy */;
		};
/* End PBXTargetDependency section */

/* Begin XCBuildConfiguration section */
		FD02BB1D29C86594005A9F52 /* Debug */ = {
			isa = XCBuildConfiguration;
			buildSettings = {
				ALWAYS_SEARCH_USER_PATHS = NO;
				CLANG_ANALYZER_NONNULL = YES;
				CLANG_ANALYZER_NUMBER_OBJECT_CONVERSION = YES_AGGRESSIVE;
				CLANG_CXX_LANGUAGE_STANDARD = "gnu++20";
				CLANG_ENABLE_MODULES = YES;
				CLANG_ENABLE_OBJC_ARC = YES;
				CLANG_ENABLE_OBJC_WEAK = YES;
				CLANG_WARN_BLOCK_CAPTURE_AUTORELEASING = YES;
				CLANG_WARN_BOOL_CONVERSION = YES;
				CLANG_WARN_COMMA = YES;
				CLANG_WARN_CONSTANT_CONVERSION = YES;
				CLANG_WARN_DEPRECATED_OBJC_IMPLEMENTATIONS = YES;
				CLANG_WARN_DIRECT_OBJC_ISA_USAGE = YES_ERROR;
				CLANG_WARN_DOCUMENTATION_COMMENTS = YES;
				CLANG_WARN_EMPTY_BODY = YES;
				CLANG_WARN_ENUM_CONVERSION = YES;
				CLANG_WARN_INFINITE_RECURSION = YES;
				CLANG_WARN_INT_CONVERSION = YES;
				CLANG_WARN_NON_LITERAL_NULL_CONVERSION = YES;
				CLANG_WARN_OBJC_IMPLICIT_RETAIN_SELF = YES;
				CLANG_WARN_OBJC_LITERAL_CONVERSION = YES;
				CLANG_WARN_OBJC_ROOT_CLASS = YES_ERROR;
				CLANG_WARN_QUOTED_INCLUDE_IN_FRAMEWORK_HEADER = YES;
				CLANG_WARN_RANGE_LOOP_ANALYSIS = YES;
				CLANG_WARN_STRICT_PROTOTYPES = YES;
				CLANG_WARN_SUSPICIOUS_MOVE = YES;
				CLANG_WARN_UNGUARDED_AVAILABILITY = YES_AGGRESSIVE;
				CLANG_WARN_UNREACHABLE_CODE = YES;
				CLANG_WARN__DUPLICATE_METHOD_MATCH = YES;
				COPY_PHASE_STRIP = NO;
				DEBUG_INFORMATION_FORMAT = dwarf;
				ENABLE_STRICT_OBJC_MSGSEND = YES;
				ENABLE_TESTABILITY = YES;
				GCC_C_LANGUAGE_STANDARD = gnu11;
				GCC_DYNAMIC_NO_PIC = NO;
				GCC_NO_COMMON_BLOCKS = YES;
				GCC_OPTIMIZATION_LEVEL = 0;
				GCC_PREPROCESSOR_DEFINITIONS = (
					"DEBUG=1",
					"$(inherited)",
				);
				GCC_WARN_64_TO_32_BIT_CONVERSION = YES;
				GCC_WARN_ABOUT_RETURN_TYPE = YES_ERROR;
				GCC_WARN_UNDECLARED_SELECTOR = YES;
				GCC_WARN_UNINITIALIZED_AUTOS = YES_AGGRESSIVE;
				GCC_WARN_UNUSED_FUNCTION = YES;
				GCC_WARN_UNUSED_VARIABLE = YES;
				IPHONEOS_DEPLOYMENT_TARGET = 16.2;
				MTL_ENABLE_DEBUG_INFO = INCLUDE_SOURCE;
				MTL_FAST_MATH = YES;
				ONLY_ACTIVE_ARCH = YES;
				SDKROOT = iphoneos;
				SWIFT_ACTIVE_COMPILATION_CONDITIONS = DEBUG;
				SWIFT_OPTIMIZATION_LEVEL = "-Onone";
			};
			name = Debug;
		};
		FD02BB1E29C86594005A9F52 /* Release */ = {
			isa = XCBuildConfiguration;
			buildSettings = {
				ALWAYS_SEARCH_USER_PATHS = NO;
				CLANG_ANALYZER_NONNULL = YES;
				CLANG_ANALYZER_NUMBER_OBJECT_CONVERSION = YES_AGGRESSIVE;
				CLANG_CXX_LANGUAGE_STANDARD = "gnu++20";
				CLANG_ENABLE_MODULES = YES;
				CLANG_ENABLE_OBJC_ARC = YES;
				CLANG_ENABLE_OBJC_WEAK = YES;
				CLANG_WARN_BLOCK_CAPTURE_AUTORELEASING = YES;
				CLANG_WARN_BOOL_CONVERSION = YES;
				CLANG_WARN_COMMA = YES;
				CLANG_WARN_CONSTANT_CONVERSION = YES;
				CLANG_WARN_DEPRECATED_OBJC_IMPLEMENTATIONS = YES;
				CLANG_WARN_DIRECT_OBJC_ISA_USAGE = YES_ERROR;
				CLANG_WARN_DOCUMENTATION_COMMENTS = YES;
				CLANG_WARN_EMPTY_BODY = YES;
				CLANG_WARN_ENUM_CONVERSION = YES;
				CLANG_WARN_INFINITE_RECURSION = YES;
				CLANG_WARN_INT_CONVERSION = YES;
				CLANG_WARN_NON_LITERAL_NULL_CONVERSION = YES;
				CLANG_WARN_OBJC_IMPLICIT_RETAIN_SELF = YES;
				CLANG_WARN_OBJC_LITERAL_CONVERSION = YES;
				CLANG_WARN_OBJC_ROOT_CLASS = YES_ERROR;
				CLANG_WARN_QUOTED_INCLUDE_IN_FRAMEWORK_HEADER = YES;
				CLANG_WARN_RANGE_LOOP_ANALYSIS = YES;
				CLANG_WARN_STRICT_PROTOTYPES = YES;
				CLANG_WARN_SUSPICIOUS_MOVE = YES;
				CLANG_WARN_UNGUARDED_AVAILABILITY = YES_AGGRESSIVE;
				CLANG_WARN_UNREACHABLE_CODE = YES;
				CLANG_WARN__DUPLICATE_METHOD_MATCH = YES;
				COPY_PHASE_STRIP = NO;
				DEBUG_INFORMATION_FORMAT = "dwarf-with-dsym";
				ENABLE_NS_ASSERTIONS = NO;
				ENABLE_STRICT_OBJC_MSGSEND = YES;
				GCC_C_LANGUAGE_STANDARD = gnu11;
				GCC_NO_COMMON_BLOCKS = YES;
				GCC_WARN_64_TO_32_BIT_CONVERSION = YES;
				GCC_WARN_ABOUT_RETURN_TYPE = YES_ERROR;
				GCC_WARN_UNDECLARED_SELECTOR = YES;
				GCC_WARN_UNINITIALIZED_AUTOS = YES_AGGRESSIVE;
				GCC_WARN_UNUSED_FUNCTION = YES;
				GCC_WARN_UNUSED_VARIABLE = YES;
				IPHONEOS_DEPLOYMENT_TARGET = 16.2;
				MTL_ENABLE_DEBUG_INFO = NO;
				MTL_FAST_MATH = YES;
				SDKROOT = iphoneos;
				SWIFT_COMPILATION_MODE = wholemodule;
				SWIFT_OPTIMIZATION_LEVEL = "-O";
				VALIDATE_PRODUCT = YES;
			};
			name = Release;
		};
		FD02BB2029C86594005A9F52 /* Debug */ = {
			isa = XCBuildConfiguration;
			buildSettings = {
				ASSETCATALOG_COMPILER_APPICON_NAME = AppIcon;
				ASSETCATALOG_COMPILER_GLOBAL_ACCENT_COLOR_NAME = AccentColor;
				CODE_SIGN_STYLE = Automatic;
				CURRENT_PROJECT_VERSION = 1;
				DEVELOPMENT_ASSET_PATHS = "";
				DEVELOPMENT_TEAM = 6MURAC78AD;
				ENABLE_PREVIEWS = YES;
				GENERATE_INFOPLIST_FILE = YES;
				INFOPLIST_FILE = AddressGeocoding/Info.plist;
				INFOPLIST_KEY_CFBundleDisplayName = "Address Geocoding";
				INFOPLIST_KEY_LSApplicationCategoryType = "public.app-category.travel";
				INFOPLIST_KEY_NSLocationAlwaysAndWhenInUseUsageDescription = "This app needs access to your location to provide location-based services.";
				INFOPLIST_KEY_NSLocationWhenInUseUsageDescription = "This app needs access to your location to provide location-based services.";
				INFOPLIST_KEY_UIApplicationSceneManifest_Generation = YES;
				INFOPLIST_KEY_UIApplicationSupportsIndirectInputEvents = YES;
				INFOPLIST_KEY_UILaunchScreen_Generation = YES;
				INFOPLIST_KEY_UIRequiresFullScreen = YES;
				INFOPLIST_KEY_UIStatusBarStyle = "";
				INFOPLIST_KEY_UISupportedInterfaceOrientations = UIInterfaceOrientationPortrait;
				LD_RUNPATH_SEARCH_PATHS = (
					"$(inherited)",
					"@executable_path/Frameworks",
				);
				MARKETING_VERSION = 1.0;
				PRODUCT_BUNDLE_IDENTIFIER = Nom4D.AddressGeocoding;
				PRODUCT_NAME = "Address Geocoding";
				SWIFT_EMIT_LOC_STRINGS = YES;
				SWIFT_VERSION = 5.0;
				TARGETED_DEVICE_FAMILY = "1,2";
			};
			name = Debug;
		};
		FD02BB2129C86594005A9F52 /* Release */ = {
			isa = XCBuildConfiguration;
			buildSettings = {
				ASSETCATALOG_COMPILER_APPICON_NAME = AppIcon;
				ASSETCATALOG_COMPILER_GLOBAL_ACCENT_COLOR_NAME = AccentColor;
				CODE_SIGN_STYLE = Automatic;
				CURRENT_PROJECT_VERSION = 1;
				DEVELOPMENT_ASSET_PATHS = "";
				DEVELOPMENT_TEAM = 6MURAC78AD;
				ENABLE_PREVIEWS = YES;
				GENERATE_INFOPLIST_FILE = YES;
				INFOPLIST_FILE = AddressGeocoding/Info.plist;
				INFOPLIST_KEY_CFBundleDisplayName = "Address Geocoding";
				INFOPLIST_KEY_LSApplicationCategoryType = "public.app-category.travel";
				INFOPLIST_KEY_NSLocationAlwaysAndWhenInUseUsageDescription = "This app needs access to your location to provide location-based services.";
				INFOPLIST_KEY_NSLocationWhenInUseUsageDescription = "This app needs access to your location to provide location-based services.";
				INFOPLIST_KEY_UIApplicationSceneManifest_Generation = YES;
				INFOPLIST_KEY_UIApplicationSupportsIndirectInputEvents = YES;
				INFOPLIST_KEY_UILaunchScreen_Generation = YES;
				INFOPLIST_KEY_UIRequiresFullScreen = YES;
				INFOPLIST_KEY_UIStatusBarStyle = "";
				INFOPLIST_KEY_UISupportedInterfaceOrientations = UIInterfaceOrientationPortrait;
				LD_RUNPATH_SEARCH_PATHS = (
					"$(inherited)",
					"@executable_path/Frameworks",
				);
				MARKETING_VERSION = 1.0;
				PRODUCT_BUNDLE_IDENTIFIER = Nom4D.AddressGeocoding;
				PRODUCT_NAME = "Address Geocoding";
				SWIFT_EMIT_LOC_STRINGS = YES;
				SWIFT_VERSION = 5.0;
				TARGETED_DEVICE_FAMILY = "1,2";
			};
			name = Release;
		};
		FD80EE8929D4785B00B76F0D /* Debug */ = {
			isa = XCBuildConfiguration;
			buildSettings = {
				CODE_SIGN_STYLE = Automatic;
				CURRENT_PROJECT_VERSION = 1;
				DEVELOPMENT_TEAM = 6MURAC78AD;
				GENERATE_INFOPLIST_FILE = YES;
				MARKETING_VERSION = 1.0;
				PRODUCT_BUNDLE_IDENTIFIER = Nom4D.AddressGeocodingUITests;
				PRODUCT_NAME = "$(TARGET_NAME)";
				SWIFT_EMIT_LOC_STRINGS = NO;
				SWIFT_VERSION = 5.0;
				TARGETED_DEVICE_FAMILY = "1,2";
				TEST_TARGET_NAME = AddressGeocoding;
			};
			name = Debug;
		};
		FD80EE8A29D4785B00B76F0D /* Release */ = {
			isa = XCBuildConfiguration;
			buildSettings = {
				CODE_SIGN_STYLE = Automatic;
				CURRENT_PROJECT_VERSION = 1;
				DEVELOPMENT_TEAM = 6MURAC78AD;
				GENERATE_INFOPLIST_FILE = YES;
				MARKETING_VERSION = 1.0;
				PRODUCT_BUNDLE_IDENTIFIER = Nom4D.AddressGeocodingUITests;
				PRODUCT_NAME = "$(TARGET_NAME)";
				SWIFT_EMIT_LOC_STRINGS = NO;
				SWIFT_VERSION = 5.0;
				TARGETED_DEVICE_FAMILY = "1,2";
				TEST_TARGET_NAME = AddressGeocoding;
			};
			name = Release;
		};
/* End XCBuildConfiguration section */

/* Begin XCConfigurationList section */
		FD02BB0C29C86592005A9F52 /* Build configuration list for PBXProject "AddressGeocoding" */ = {
			isa = XCConfigurationList;
			buildConfigurations = (
				FD02BB1D29C86594005A9F52 /* Debug */,
				FD02BB1E29C86594005A9F52 /* Release */,
			);
			defaultConfigurationIsVisible = 0;
			defaultConfigurationName = Release;
		};
		FD02BB1F29C86594005A9F52 /* Build configuration list for PBXNativeTarget "AddressGeocoding" */ = {
			isa = XCConfigurationList;
			buildConfigurations = (
				FD02BB2029C86594005A9F52 /* Debug */,
				FD02BB2129C86594005A9F52 /* Release */,
			);
			defaultConfigurationIsVisible = 0;
			defaultConfigurationName = Release;
		};
		FD80EE8829D4785B00B76F0D /* Build configuration list for PBXNativeTarget "AddressGeocodingUITests" */ = {
			isa = XCConfigurationList;
			buildConfigurations = (
				FD80EE8929D4785B00B76F0D /* Debug */,
				FD80EE8A29D4785B00B76F0D /* Release */,
			);
			defaultConfigurationIsVisible = 0;
			defaultConfigurationName = Release;
		};
/* End XCConfigurationList section */
	};
	rootObject = FD02BB0929C86592005A9F52 /* Project object */;
}
